
Microsoft Visual Studio Solution File, Format Version 12.00
# Visual Studio Version 16
VisualStudioVersion = 16.0.31624.102
MinimumVisualStudioVersion = 10.0.40219.1
Project("{FAE04EC0-301F-11D3-BF4B-00C04F79EFBC}") = "PruebasUnitarias", "PruebasUnitarias.csproj", "{9575E326-ADD7-41E4-9611-E306491F9F31}"
EndProject
Project("{FAE04EC0-301F-11D3-BF4B-00C04F79EFBC}") = "Entidades.ControlDeAduana", "..\Entidades.ControlDeAduana\Entidades.ControlDeAduana.csproj", "{7FDA09EE-CC4C-4C31-9FBB-44905736DB35}"
EndProject
Global
	GlobalSection(SolutionConfigurationPlatforms) = preSolution
		Debug|Any CPU = Debug|Any CPU
		Release|Any CPU = Release|Any CPU
	EndGlobalSection
	GlobalSection(ProjectConfigurationPlatforms) = postSolution
		{9575E326-ADD7-41E4-9611-E306491F9F31}.Debug|Any CPU.ActiveCfg = Debug|Any CPU
		{9575E326-ADD7-41E4-9611-E306491F9F31}.Debug|Any CPU.Build.0 = Debug|Any CPU
		{9575E326-ADD7-41E4-9611-E306491F9F31}.Release|Any CPU.ActiveCfg = Release|Any CPU
		{9575E326-ADD7-41E4-9611-E306491F9F31}.Release|Any CPU.Build.0 = Release|Any CPU
		{7FDA09EE-CC4C-4C31-9FBB-44905736DB35}.Debug|Any CPU.ActiveCfg = Debug|Any CPU
		{7FDA09EE-CC4C-4C31-9FBB-44905736DB35}.Debug|Any CPU.Build.0 = Debug|Any CPU
		{7FDA09EE-CC4C-4C31-9FBB-44905736DB35}.Release|Any CPU.ActiveCfg = Release|Any CPU
		{7FDA09EE-CC4C-4C31-9FBB-44905736DB35}.Release|Any CPU.Build.0 = Release|Any CPU
	EndGlobalSection
	GlobalSection(SolutionProperties) = preSolution
		HideSolutionNode = FALSE
	EndGlobalSection
	GlobalSection(ExtensibilityGlobals) = postSolution
		SolutionGuid = {A31D31B8-945E-41F0-BD81-6B85DCE7F11D}
	EndGlobalSection
EndGlobal
